
Microsoft Visual Studio Solution File, Format Version 12.00
# Visual Studio 2013
VisualStudioVersion = 12.0.30723.0
MinimumVisualStudioVersion = 10.0.40219.1
Project("{FAE04EC0-301F-11D3-BF4B-00C04F79EFBC}") = "HallOfFame.Web", "HallOfFame.Web\HallOfFame.Web.csproj", "{89D0E06C-0ACA-4453-B0CB-5D3F0616A562}"
EndProject
Project("{FAE04EC0-301F-11D3-BF4B-00C04F79EFBC}") = "HallOfFame.Common.Constants", "HallOfFame.Common\HallOfFame.Common.Constants.csproj", "{6A51F342-28E3-43BA-A748-B88DC0C77245}"
EndProject
Project("{FAE04EC0-301F-11D3-BF4B-00C04F79EFBC}") = "HallOfFame.Models", "HallOfFame.Models\HallOfFame.Models.csproj", "{6CB75BAB-E60C-4FB4-BA39-001B13D1BD02}"
EndProject
Project("{FAE04EC0-301F-11D3-BF4B-00C04F79EFBC}") = "HallOfFame.Data", "HallOfFame.Data\HallOfFame.Data.csproj", "{0F883B57-3041-4B44-979B-4C7FBB37F6D2}"
EndProject
Project("{FAE04EC0-301F-11D3-BF4B-00C04F79EFBC}") = "HallOfFame.ImageUpload", "HallOfFame.ImageUpload\HallOfFame.ImageUpload.csproj", "{0F2ADE84-F66C-4F8E-930D-688DCE7AEB89}"
EndProject
Project("{2150E333-8FDC-42A3-9474-1A3956D46DE8}") = "Web", "Web", "{C9DA45D5-9603-4CD7-BCCF-3436DDA3ECB6}"
EndProject
Project("{2150E333-8FDC-42A3-9474-1A3956D46DE8}") = "Data", "Data", "{25A5EC7F-1811-45D1-93D1-DF7BB54CF706}"
EndProject
Project("{2150E333-8FDC-42A3-9474-1A3956D46DE8}") = "Common", "Common", "{54A2816A-D992-4E43-9DFB-ECD2686AE9D7}"
EndProject
Project("{2150E333-8FDC-42A3-9474-1A3956D46DE8}") = "Upload", "Upload", "{0289100A-1C17-43A7-A843-313B770E4DCC}"
EndProject
Project("{FAE04EC0-301F-11D3-BF4B-00C04F79EFBC}") = "HallOfFame.Common.ExtensionMethods", "HallOfFame.Common.ExtensionMethods\HallOfFame.Common.ExtensionMethods.csproj", "{2A60D45A-92CE-4D56-821C-7B778ACDB76D}"
EndProject
Project("{FAE04EC0-301F-11D3-BF4B-00C04F79EFBC}") = "HallOfFame.Data.Common", "HallOfFame.Data.Common\HallOfFame.Data.Common.csproj", "{48BA2C95-308E-4AD0-9CF2-0784EBF1E9B9}"
EndProject
Project("{FAE04EC0-301F-11D3-BF4B-00C04F79EFBC}") = "HallOfFame.Web.Infrastructure", "HallOfFame.Web.Infrastructure\HallOfFame.Web.Infrastructure.csproj", "{EE6BAD62-F4A7-4B44-9D0A-4730AB21A79E}"
EndProject
Project("{FAE04EC0-301F-11D3-BF4B-00C04F79EFBC}") = "HallOfFame.Web.Common", "HallOfFame.Web.Common\HallOfFame.Web.Common.csproj", "{15C6B778-CB8B-496E-B4A4-AB638EDF4195}"
EndProject
Global
	GlobalSection(SolutionConfigurationPlatforms) = preSolution
		Debug|Any CPU = Debug|Any CPU
		Release|Any CPU = Release|Any CPU
	EndGlobalSection
	GlobalSection(ProjectConfigurationPlatforms) = postSolution
		{89D0E06C-0ACA-4453-B0CB-5D3F0616A562}.Debug|Any CPU.ActiveCfg = Debug|Any CPU
		{89D0E06C-0ACA-4453-B0CB-5D3F0616A562}.Debug|Any CPU.Build.0 = Debug|Any CPU
		{89D0E06C-0ACA-4453-B0CB-5D3F0616A562}.Release|Any CPU.ActiveCfg = Release|Any CPU
		{89D0E06C-0ACA-4453-B0CB-5D3F0616A562}.Release|Any CPU.Build.0 = Release|Any CPU
		{6A51F342-28E3-43BA-A748-B88DC0C77245}.Debug|Any CPU.ActiveCfg = Debug|Any CPU
		{6A51F342-28E3-43BA-A748-B88DC0C77245}.Debug|Any CPU.Build.0 = Debug|Any CPU
		{6A51F342-28E3-43BA-A748-B88DC0C77245}.Release|Any CPU.ActiveCfg = Release|Any CPU
		{6A51F342-28E3-43BA-A748-B88DC0C77245}.Release|Any CPU.Build.0 = Release|Any CPU
		{6CB75BAB-E60C-4FB4-BA39-001B13D1BD02}.Debug|Any CPU.ActiveCfg = Debug|Any CPU
		{6CB75BAB-E60C-4FB4-BA39-001B13D1BD02}.Debug|Any CPU.Build.0 = Debug|Any CPU
		{6CB75BAB-E60C-4FB4-BA39-001B13D1BD02}.Release|Any CPU.ActiveCfg = Release|Any CPU
		{6CB75BAB-E60C-4FB4-BA39-001B13D1BD02}.Release|Any CPU.Build.0 = Release|Any CPU
		{0F883B57-3041-4B44-979B-4C7FBB37F6D2}.Debug|Any CPU.ActiveCfg = Debug|Any CPU
		{0F883B57-3041-4B44-979B-4C7FBB37F6D2}.Debug|Any CPU.Build.0 = Debug|Any CPU
		{0F883B57-3041-4B44-979B-4C7FBB37F6D2}.Release|Any CPU.ActiveCfg = Release|Any CPU
		{0F883B57-3041-4B44-979B-4C7FBB37F6D2}.Release|Any CPU.Build.0 = Release|Any CPU
		{0F2ADE84-F66C-4F8E-930D-688DCE7AEB89}.Debug|Any CPU.ActiveCfg = Debug|Any CPU
		{0F2ADE84-F66C-4F8E-930D-688DCE7AEB89}.Debug|Any CPU.Build.0 = Debug|Any CPU
		{0F2ADE84-F66C-4F8E-930D-688DCE7AEB89}.Release|Any CPU.ActiveCfg = Release|Any CPU
		{0F2ADE84-F66C-4F8E-930D-688DCE7AEB89}.Release|Any CPU.Build.0 = Release|Any CPU
		{2A60D45A-92CE-4D56-821C-7B778ACDB76D}.Debug|Any CPU.ActiveCfg = Debug|Any CPU
		{2A60D45A-92CE-4D56-821C-7B778ACDB76D}.Debug|Any CPU.Build.0 = Debug|Any CPU
		{2A60D45A-92CE-4D56-821C-7B778ACDB76D}.Release|Any CPU.ActiveCfg = Release|Any CPU
		{2A60D45A-92CE-4D56-821C-7B778ACDB76D}.Release|Any CPU.Build.0 = Release|Any CPU
		{48BA2C95-308E-4AD0-9CF2-0784EBF1E9B9}.Debug|Any CPU.ActiveCfg = Debug|Any CPU
		{48BA2C95-308E-4AD0-9CF2-0784EBF1E9B9}.Debug|Any CPU.Build.0 = Debug|Any CPU
		{48BA2C95-308E-4AD0-9CF2-0784EBF1E9B9}.Release|Any CPU.ActiveCfg = Release|Any CPU
		{48BA2C95-308E-4AD0-9CF2-0784EBF1E9B9}.Release|Any CPU.Build.0 = Release|Any CPU
		{EE6BAD62-F4A7-4B44-9D0A-4730AB21A79E}.Debug|Any CPU.ActiveCfg = Debug|Any CPU
		{EE6BAD62-F4A7-4B44-9D0A-4730AB21A79E}.Debug|Any CPU.Build.0 = Debug|Any CPU
		{EE6BAD62-F4A7-4B44-9D0A-4730AB21A79E}.Release|Any CPU.ActiveCfg = Release|Any CPU
		{EE6BAD62-F4A7-4B44-9D0A-4730AB21A79E}.Release|Any CPU.Build.0 = Release|Any CPU
		{15C6B778-CB8B-496E-B4A4-AB638EDF4195}.Debug|Any CPU.ActiveCfg = Debug|Any CPU
		{15C6B778-CB8B-496E-B4A4-AB638EDF4195}.Debug|Any CPU.Build.0 = Debug|Any CPU
		{15C6B778-CB8B-496E-B4A4-AB638EDF4195}.Release|Any CPU.ActiveCfg = Release|Any CPU
		{15C6B778-CB8B-496E-B4A4-AB638EDF4195}.Release|Any CPU.Build.0 = Release|Any CPU
	EndGlobalSection
	GlobalSection(SolutionProperties) = preSolution
		HideSolutionNode = FALSE
	EndGlobalSection
	GlobalSection(NestedProjects) = preSolution
		{89D0E06C-0ACA-4453-B0CB-5D3F0616A562} = {C9DA45D5-9603-4CD7-BCCF-3436DDA3ECB6}
		{6A51F342-28E3-43BA-A748-B88DC0C77245} = {54A2816A-D992-4E43-9DFB-ECD2686AE9D7}
		{6CB75BAB-E60C-4FB4-BA39-001B13D1BD02} = {25A5EC7F-1811-45D1-93D1-DF7BB54CF706}
		{0F883B57-3041-4B44-979B-4C7FBB37F6D2} = {25A5EC7F-1811-45D1-93D1-DF7BB54CF706}
		{0F2ADE84-F66C-4F8E-930D-688DCE7AEB89} = {0289100A-1C17-43A7-A843-313B770E4DCC}
		{2A60D45A-92CE-4D56-821C-7B778ACDB76D} = {54A2816A-D992-4E43-9DFB-ECD2686AE9D7}
		{48BA2C95-308E-4AD0-9CF2-0784EBF1E9B9} = {25A5EC7F-1811-45D1-93D1-DF7BB54CF706}
		{EE6BAD62-F4A7-4B44-9D0A-4730AB21A79E} = {C9DA45D5-9603-4CD7-BCCF-3436DDA3ECB6}
		{15C6B778-CB8B-496E-B4A4-AB638EDF4195} = {C9DA45D5-9603-4CD7-BCCF-3436DDA3ECB6}
	EndGlobalSection
EndGlobal
